// !$*UTF8*$!
{
	archiveVersion = 1;
	classes = {
	};
	objectVersion = 46;
	objects = {

/* Begin PBXBuildFile section */
		42E7F56A1BFFBC560056C27B /* AppDelegate.swift in Sources */ = {isa = PBXBuildFile; fileRef = 42E7F5691BFFBC560056C27B /* AppDelegate.swift */; };
		42E7F56C1BFFBC560056C27B /* ViewController.swift in Sources */ = {isa = PBXBuildFile; fileRef = 42E7F56B1BFFBC560056C27B /* ViewController.swift */; };
		42E7F56F1BFFBC560056C27B /* Main.storyboard in Resources */ = {isa = PBXBuildFile; fileRef = 42E7F56D1BFFBC560056C27B /* Main.storyboard */; };
		42E7F5711BFFBC560056C27B /* Assets.xcassets in Resources */ = {isa = PBXBuildFile; fileRef = 42E7F5701BFFBC560056C27B /* Assets.xcassets */; };
		42E7F5741BFFBC560056C27B /* LaunchScreen.storyboard in Resources */ = {isa = PBXBuildFile; fileRef = 42E7F5721BFFBC560056C27B /* LaunchScreen.storyboard */; };
/* End PBXBuildFile section */

/* Begin PBXFileReference section */
		42E7F5661BFFBC560056C27B /* JuegoDelNumero.app */ = {isa = PBXFileReference; explicitFileType = wrapper.application; includeInIndex = 0; path = JuegoDelNumero.app; sourceTree = BUILT_PRODUCTS_DIR; };
		42E7F5691BFFBC560056C27B /* AppDelegate.swift */ = {isa = PBXFileReference; lastKnownFileType = sourcecode.swift; path = AppDelegate.swift; sourceTree = "<group>"; };
		42E7F56B1BFFBC560056C27B /* ViewController.swift */ = {isa = PBXFileReference; lastKnownFileType = sourcecode.swift; path = ViewController.swift; sourceTree = "<group>"; };
		42E7F56E1BFFBC560056C27B /* Base */ = {isa = PBXFileReference; lastKnownFileType = file.storyboard; name = Base; path = Base.lproj/Main.storyboard; sourceTree = "<group>"; };
		42E7F5701BFFBC560056C27B /* Assets.xcassets */ = {isa = PBXFileReference; lastKnownFileType = folder.assetcatalog; path = Assets.xcassets; sourceTree = "<group>"; };
		42E7F5731BFFBC560056C27B /* Base */ = {isa = PBXFileReference; lastKnownFileType = file.storyboard; name = Base; path = Base.lproj/LaunchScreen.storyboard; sourceTree = "<group>"; };
		42E7F5751BFFBC560056C27B /* Info.plist */ = {isa = PBXFileReference; lastKnownFileType = text.plist.xml; path = Info.plist; sourceTree = "<group>"; };
/* End PBXFileReference section */

/* Begin PBXFrameworksBuildPhase section */
		42E7F5631BFFBC560056C27B /* Frameworks */ = {
			isa = PBXFrameworksBuildPhase;
			buildActionMask = 2147483647;
			files = (
			);
			runOnlyForDeploymentPostprocessing = 0;
		};
/* End PBXFrameworksBuildPhase section */

/* Begin PBXGroup section */
		42E7F55D1BFFBC560056C27B = {
			isa = PBXGroup;
			children = (
				42E7F5681BFFBC560056C27B /* JuegoDelNumero */,
				42E7F5671BFFBC560056C27B /* Products */,
			);
			sourceTree = "<group>";
		};
		42E7F5671BFFBC560056C27B /* Products */ = {
			isa = PBXGroup;
			children = (
				42E7F5661BFFBC560056C27B /* JuegoDelNumero.app */,
			);
			name = Products;
			sourceTree = "<group>";
		};
		42E7F5681BFFBC560056C27B /* JuegoDelNumero */ = {
			isa = PBXGroup;
			children = (
				42E7F5691BFFBC560056C27B /* AppDelegate.swift */,
				42E7F56B1BFFBC560056C27B /* ViewController.swift */,
				42E7F56D1BFFBC560056C27B /* Main.storyboard */,
				42E7F5701BFFBC560056C27B /* Assets.xcassets */,
				42E7F5721BFFBC560056C27B /* LaunchScreen.storyboard */,
				42E7F5751BFFBC560056C27B /* Info.plist */,
			);
			path = JuegoDelNumero;
			sourceTree = "<group>";
		};
/* End PBXGroup section */

/* Begin PBXNativeTarget section */
		42E7F5651BFFBC560056C27B /* JuegoDelNumero */ = {
			isa = PBXNativeTarget;
			buildConfigurationList = 42E7F5781BFFBC560056C27B /* Build configuration list for PBXNativeTarget "JuegoDelNumero" */;
			buildPhases = (
				42E7F5621BFFBC560056C27B /* Sources */,
				42E7F5631BFFBC560056C27B /* Frameworks */,
				42E7F5641BFFBC560056C27B /* Resources */,
			);
			buildRules = (
			);
			dependencies = (
			);
			name = JuegoDelNumero;
			productName = JuegoDelNumero;
			productReference = 42E7F5661BFFBC560056C27B /* JuegoDelNumero.app */;
			productType = "com.apple.product-type.application";
		};
/* End PBXNativeTarget section */

/* Begin PBXProject section */
		42E7F55E1BFFBC560056C27B /* Project object */ = {
			isa = PBXProject;
			attributes = {
				LastUpgradeCheck = 0700;
				ORGANIZATIONNAME = strix;
				TargetAttributes = {
					42E7F5651BFFBC560056C27B = {
						CreatedOnToolsVersion = 7.0.1;
					};
				};
			};
			buildConfigurationList = 42E7F5611BFFBC560056C27B /* Build configuration list for PBXProject "JuegoDelNumero" */;
			compatibilityVersion = "Xcode 3.2";
			developmentRegion = English;
			hasScannedForEncodings = 0;
			knownRegions = (
				en,
				Base,
			);
			mainGroup = 42E7F55D1BFFBC560056C27B;
			productRefGroup = 42E7F5671BFFBC560056C27B /* Products */;
			projectDirPath = "";
			projectRoot = "";
			targets = (
				42E7F5651BFFBC560056C27B /* JuegoDelNumero */,
			);
		};
/* End PBXProject section */

/* Begin PBXResourcesBuildPhase section */
		42E7F5641BFFBC560056C27B /* Resources */ = {
			isa = PBXResourcesBuildPhase;
			buildActionMask = 2147483647;
			files = (
				42E7F5741BFFBC560056C27B /* LaunchScreen.storyboard in Resources */,
				42E7F5711BFFBC560056C27B /* Assets.xcassets in Resources */,
				42E7F56F1BFFBC560056C27B /* Main.storyboard in Resources */,
			);
			runOnlyForDeploymentPostprocessing = 0;
		};
/* End PBXResourcesBuildPhase section */

/* Begin PBXSourcesBuildPhase section */
		42E7F5621BFFBC560056C27B /* Sources */ = {
			isa = PBXSourcesBuildPhase;
			buildActionMask = 2147483647;
			files = (
				42E7F56C1BFFBC560056C27B /* ViewController.swift in Sources */,
				42E7F56A1BFFBC560056C27B /* AppDelegate.swift in Sources */,
			);
			runOnlyForDeploymentPostprocessing = 0;
		};
/* End PBXSourcesBuildPhase section */

/* Begin PBXVariantGroup section */
		42E7F56D1BFFBC560056C27B /* Main.storyboard */ = {
			isa = PBXVariantGroup;
			children = (
				42E7F56E1BFFBC560056C27B /* Base */,
			);
			name = Main.storyboard;
			sourceTree = "<group>";
		};
		42E7F5721BFFBC560056C27B /* LaunchScreen.storyboard */ = {
			isa = PBXVariantGroup;
			children = (
				42E7F5731BFFBC560056C27B /* Base */,
			);
			name = LaunchScreen.storyboard;
			sourceTree = "<group>";
		};
/* End PBXVariantGroup section */

/* Begin XCBuildConfiguration section */
		42E7F5761BFFBC560056C27B /* Debug */ = {
			isa = XCBuildConfiguration;
			buildSettings = {
				ALWAYS_SEARCH_USER_PATHS = NO;
				CLANG_CXX_LANGUAGE_STANDARD = "gnu++0x";
				CLANG_CXX_LIBRARY = "libc++";
				CLANG_ENABLE_MODULES = YES;
				CLANG_ENABLE_OBJC_ARC = YES;
				CLANG_WARN_BOOL_CONVERSION = YES;
				CLANG_WARN_CONSTANT_CONVERSION = YES;
				CLANG_WARN_DIRECT_OBJC_ISA_USAGE = YES_ERROR;
				CLANG_WARN_EMPTY_BODY = YES;
				CLANG_WARN_ENUM_CONVERSION = YES;
				CLANG_WARN_INT_CONVERSION = YES;
				CLANG_WARN_OBJC_ROOT_CLASS = YES_ERROR;
				CLANG_WARN_UNREACHABLE_CODE = YES;
				CLANG_WARN__DUPLICATE_METHOD_MATCH = YES;
				"CODE_SIGN_IDENTITY[sdk=iphoneos*]" = "iPhone Developer";
				COPY_PHASE_STRIP = NO;
				DEBUG_INFORMATION_FORMAT = dwarf;
				ENABLE_STRICT_OBJC_MSGSEND = YES;
				ENABLE_TESTABILITY = YES;
				GCC_C_LANGUAGE_STANDARD = gnu99;
				GCC_DYNAMIC_NO_PIC = NO;
				GCC_NO_COMMON_BLOCKS = YES;
				GCC_OPTIMIZATION_LEVEL = 0;
				GCC_PREPROCESSOR_DEFINITIONS = (
					"DEBUG=1",
					"$(inherited)",
				);
				GCC_WARN_64_TO_32_BIT_CONVERSION = YES;
				GCC_WARN_ABOUT_RETURN_TYPE = YES_ERROR;
				GCC_WARN_UNDECLARED_SELECTOR = YES;
				GCC_WARN_UNINITIALIZED_AUTOS = YES_AGGRESSIVE;
				GCC_WARN_UNUSED_FUNCTION = YES;
				GCC_WARN_UNUSED_VARIABLE = YES;
				IPHONEOS_DEPLOYMENT_TARGET = 9.0;
				MTL_ENABLE_DEBUG_INFO = YES;
				ONLY_ACTIVE_ARCH = YES;
				SDKROOT = iphoneos;
				SWIFT_OPTIMIZATION_LEVEL = "-Onone";
			};
			name = Debug;
		};
		42E7F5771BFFBC560056C27B /* Release */ = {
			isa = XCBuildConfiguration;
			buildSettings = {
				ALWAYS_SEARCH_USER_PATHS = NO;
				CLANG_CXX_LANGUAGE_STANDARD = "gnu++0x";
				CLANG_CXX_LIBRARY = "libc++";
				CLANG_ENABLE_MODULES = YES;
				CLANG_ENABLE_OBJC_ARC = YES;
				CLANG_WARN_BOOL_CONVERSION = YES;
				CLANG_WARN_CONSTANT_CONVERSION = YES;
				CLANG_WARN_DIRECT_OBJC_ISA_USAGE = YES_ERROR;
				CLANG_WARN_EMPTY_BODY = YES;
				CLANG_WARN_ENUM_CONVERSION = YES;
				CLANG_WARN_INT_CONVERSION = YES;
				CLANG_WARN_OBJC_ROOT_CLASS = YES_ERROR;
				CLANG_WARN_UNREACHABLE_CODE = YES;
				CLANG_WARN__DUPLICATE_METHOD_MATCH = YES;
				"CODE_SIGN_IDENTITY[sdk=iphoneos*]" = "iPhone Developer";
				COPY_PHASE_STRIP = NO;
				DEBUG_INFORMATION_FORMAT = "dwarf-with-dsym";
				ENABLE_NS_ASSERTIONS = NO;
				ENABLE_STRICT_OBJC_MSGSEND = YES;
				GCC_C_LANGUAGE_STANDARD = gnu99;
				GCC_NO_COMMON_BLOCKS = YES;
				GCC_WARN_64_TO_32_BIT_CONVERSION = YES;
				GCC_WARN_ABOUT_RETURN_TYPE = YES_ERROR;
				GCC_WARN_UNDECLARED_SELECTOR = YES;
				GCC_WARN_UNINITIALIZED_AUTOS = YES_AGGRESSIVE;
				GCC_WARN_UNUSED_FUNCTION = YES;
				GCC_WARN_UNUSED_VARIABLE = YES;
				IPHONEOS_DEPLOYMENT_TARGET = 9.0;
				MTL_ENABLE_DEBUG_INFO = NO;
				SDKROOT = iphoneos;
				VALIDATE_PRODUCT = YES;
			};
			name = Release;
		};
		42E7F5791BFFBC560056C27B /* Debug */ = {
			isa = XCBuildConfiguration;
			buildSettings = {
				ASSETCATALOG_COMPILER_APPICON_NAME = AppIcon;
				INFOPLIST_FILE = JuegoDelNumero/Info.plist;
				LD_RUNPATH_SEARCH_PATHS = "$(inherited) @executable_path/Frameworks";
				PRODUCT_BUNDLE_IDENTIFIER = com.strix.JuegoDelNumero;
				PRODUCT_NAME = "$(TARGET_NAME)";
			};
			name = Debug;
		};
		42E7F57A1BFFBC560056C27B /* Release */ = {
			isa = XCBuildConfiguration;
			buildSettings = {
				ASSETCATALOG_COMPILER_APPICON_NAME = AppIcon;
				INFOPLIST_FILE = JuegoDelNumero/Info.plist;
				LD_RUNPATH_SEARCH_PATHS = "$(inherited) @executable_path/Frameworks";
				PRODUCT_BUNDLE_IDENTIFIER = com.strix.JuegoDelNumero;
				PRODUCT_NAME = "$(TARGET_NAME)";
			};
			name = Release;
		};
/* End XCBuildConfiguration section */

/* Begin XCConfigurationList section */
		42E7F5611BFFBC560056C27B /* Build configuration list for PBXProject "JuegoDelNumero" */ = {
			isa = XCConfigurationList;
			buildConfigurations = (
				42E7F5761BFFBC560056C27B /* Debug */,
				42E7F5771BFFBC560056C27B /* Release */,
			);
			defaultConfigurationIsVisible = 0;
			defaultConfigurationName = Release;
		};
		42E7F5781BFFBC560056C27B /* Build configuration list for PBXNativeTarget "JuegoDelNumero" */ = {
			isa = XCConfigurationList;
			buildConfigurations = (
				42E7F5791BFFBC560056C27B /* Debug */,
				42E7F57A1BFFBC560056C27B /* Release */,
			);
			defaultConfigurationIsVisible = 0;
		};
/* End XCConfigurationList section */
	};
	rootObject = 42E7F55E1BFFBC560056C27B /* Project object */;
}
