// !$*UTF8*$!
{
	archiveVersion = 1;
	classes = {
	};
	objectVersion = 46;
	objects = {

/* Begin PBXBuildFile section */
		42EAA2E61C10B97800248E9F /* AppDelegate.swift in Sources */ = {isa = PBXBuildFile; fileRef = 42EAA2E51C10B97800248E9F /* AppDelegate.swift */; };
		42EAA2EB1C10B97800248E9F /* Main.storyboard in Resources */ = {isa = PBXBuildFile; fileRef = 42EAA2E91C10B97800248E9F /* Main.storyboard */; };
		42EAA2ED1C10B97800248E9F /* Assets.xcassets in Resources */ = {isa = PBXBuildFile; fileRef = 42EAA2EC1C10B97800248E9F /* Assets.xcassets */; };
		42EAA2F01C10B97800248E9F /* LaunchScreen.storyboard in Resources */ = {isa = PBXBuildFile; fileRef = 42EAA2EE1C10B97800248E9F /* LaunchScreen.storyboard */; };
		42EAA2FF1C10C84300248E9F /* restAPIManager.swift in Sources */ = {isa = PBXBuildFile; fileRef = 42EAA2FD1C10C84300248E9F /* restAPIManager.swift */; settings = {ASSET_TAGS = (); }; };
		42EAA3001C10C84300248E9F /* SwiftyJSON.swift in Sources */ = {isa = PBXBuildFile; fileRef = 42EAA2FE1C10C84300248E9F /* SwiftyJSON.swift */; settings = {ASSET_TAGS = (); }; };
		42EBCE281C15E6E400D89AF0 /* logo.png in Resources */ = {isa = PBXBuildFile; fileRef = 42EBCE261C15E6E400D89AF0 /* logo.png */; settings = {ASSET_TAGS = (); }; };
		42EBCE291C15E6E400D89AF0 /* poraqui-logo.PNG in Resources */ = {isa = PBXBuildFile; fileRef = 42EBCE271C15E6E400D89AF0 /* poraqui-logo.PNG */; settings = {ASSET_TAGS = (); }; };
/* End PBXBuildFile section */

/* Begin PBXFileReference section */
		42EAA2E21C10B97800248E9F /* quickDemo.app */ = {isa = PBXFileReference; explicitFileType = wrapper.application; includeInIndex = 0; path = quickDemo.app; sourceTree = BUILT_PRODUCTS_DIR; };
		42EAA2E51C10B97800248E9F /* AppDelegate.swift */ = {isa = PBXFileReference; lastKnownFileType = sourcecode.swift; path = AppDelegate.swift; sourceTree = "<group>"; };
		42EAA2EA1C10B97800248E9F /* Base */ = {isa = PBXFileReference; lastKnownFileType = file.storyboard; name = Base; path = Base.lproj/Main.storyboard; sourceTree = "<group>"; };
		42EAA2EC1C10B97800248E9F /* Assets.xcassets */ = {isa = PBXFileReference; lastKnownFileType = folder.assetcatalog; path = Assets.xcassets; sourceTree = "<group>"; };
		42EAA2EF1C10B97800248E9F /* Base */ = {isa = PBXFileReference; lastKnownFileType = file.storyboard; name = Base; path = Base.lproj/LaunchScreen.storyboard; sourceTree = "<group>"; };
		42EAA2F11C10B97800248E9F /* Info.plist */ = {isa = PBXFileReference; lastKnownFileType = text.plist.xml; path = Info.plist; sourceTree = "<group>"; };
		42EAA2FD1C10C84300248E9F /* restAPIManager.swift */ = {isa = PBXFileReference; fileEncoding = 4; lastKnownFileType = sourcecode.swift; path = restAPIManager.swift; sourceTree = "<group>"; };
		42EAA2FE1C10C84300248E9F /* SwiftyJSON.swift */ = {isa = PBXFileReference; fileEncoding = 4; lastKnownFileType = sourcecode.swift; path = SwiftyJSON.swift; sourceTree = "<group>"; };
		42EBCE261C15E6E400D89AF0 /* logo.png */ = {isa = PBXFileReference; lastKnownFileType = image.png; path = logo.png; sourceTree = "<group>"; };
		42EBCE271C15E6E400D89AF0 /* poraqui-logo.PNG */ = {isa = PBXFileReference; lastKnownFileType = image.png; path = "poraqui-logo.PNG"; sourceTree = "<group>"; };
/* End PBXFileReference section */

/* Begin PBXFrameworksBuildPhase section */
		42EAA2DF1C10B97800248E9F /* Frameworks */ = {
			isa = PBXFrameworksBuildPhase;
			buildActionMask = 2147483647;
			files = (
			);
			runOnlyForDeploymentPostprocessing = 0;
		};
/* End PBXFrameworksBuildPhase section */

/* Begin PBXGroup section */
		42EAA2D91C10B97800248E9F = {
			isa = PBXGroup;
			children = (
				42EBCE261C15E6E400D89AF0 /* logo.png */,
				42EBCE271C15E6E400D89AF0 /* poraqui-logo.PNG */,
				42EAA2E41C10B97800248E9F /* quickDemo */,
				42EAA2E31C10B97800248E9F /* Products */,
			);
			sourceTree = "<group>";
		};
		42EAA2E31C10B97800248E9F /* Products */ = {
			isa = PBXGroup;
			children = (
				42EAA2E21C10B97800248E9F /* quickDemo.app */,
			);
			name = Products;
			sourceTree = "<group>";
		};
		42EAA2E41C10B97800248E9F /* quickDemo */ = {
			isa = PBXGroup;
			children = (
				42EAA2E51C10B97800248E9F /* AppDelegate.swift */,
				42EAA2FD1C10C84300248E9F /* restAPIManager.swift */,
				42EAA2FE1C10C84300248E9F /* SwiftyJSON.swift */,
				42EAA2E91C10B97800248E9F /* Main.storyboard */,
				42EAA2EC1C10B97800248E9F /* Assets.xcassets */,
				42EAA2EE1C10B97800248E9F /* LaunchScreen.storyboard */,
				42EAA2F11C10B97800248E9F /* Info.plist */,
			);
			path = quickDemo;
			sourceTree = "<group>";
		};
/* End PBXGroup section */

/* Begin PBXNativeTarget section */
		42EAA2E11C10B97800248E9F /* quickDemo */ = {
			isa = PBXNativeTarget;
			buildConfigurationList = 42EAA2F41C10B97800248E9F /* Build configuration list for PBXNativeTarget "quickDemo" */;
			buildPhases = (
				42EAA2DE1C10B97800248E9F /* Sources */,
				42EAA2DF1C10B97800248E9F /* Frameworks */,
				42EAA2E01C10B97800248E9F /* Resources */,
			);
			buildRules = (
			);
			dependencies = (
			);
			name = quickDemo;
			productName = quickDemo;
			productReference = 42EAA2E21C10B97800248E9F /* quickDemo.app */;
			productType = "com.apple.product-type.application";
		};
/* End PBXNativeTarget section */

/* Begin PBXProject section */
		42EAA2DA1C10B97800248E9F /* Project object */ = {
			isa = PBXProject;
			attributes = {
				LastUpgradeCheck = 0700;
				ORGANIZATIONNAME = strix;
				TargetAttributes = {
					42EAA2E11C10B97800248E9F = {
						CreatedOnToolsVersion = 7.0.1;
					};
				};
			};
			buildConfigurationList = 42EAA2DD1C10B97800248E9F /* Build configuration list for PBXProject "quickDemo" */;
			compatibilityVersion = "Xcode 3.2";
			developmentRegion = English;
			hasScannedForEncodings = 0;
			knownRegions = (
				en,
				Base,
			);
			mainGroup = 42EAA2D91C10B97800248E9F;
			productRefGroup = 42EAA2E31C10B97800248E9F /* Products */;
			projectDirPath = "";
			projectRoot = "";
			targets = (
				42EAA2E11C10B97800248E9F /* quickDemo */,
			);
		};
/* End PBXProject section */

/* Begin PBXResourcesBuildPhase section */
		42EAA2E01C10B97800248E9F /* Resources */ = {
			isa = PBXResourcesBuildPhase;
			buildActionMask = 2147483647;
			files = (
				42EBCE281C15E6E400D89AF0 /* logo.png in Resources */,
				42EAA2F01C10B97800248E9F /* LaunchScreen.storyboard in Resources */,
				42EBCE291C15E6E400D89AF0 /* poraqui-logo.PNG in Resources */,
				42EAA2ED1C10B97800248E9F /* Assets.xcassets in Resources */,
				42EAA2EB1C10B97800248E9F /* Main.storyboard in Resources */,
			);
			runOnlyForDeploymentPostprocessing = 0;
		};
/* End PBXResourcesBuildPhase section */

/* Begin PBXSourcesBuildPhase section */
		42EAA2DE1C10B97800248E9F /* Sources */ = {
			isa = PBXSourcesBuildPhase;
			buildActionMask = 2147483647;
			files = (
				42EAA2FF1C10C84300248E9F /* restAPIManager.swift in Sources */,
				42EAA2E61C10B97800248E9F /* AppDelegate.swift in Sources */,
				42EAA3001C10C84300248E9F /* SwiftyJSON.swift in Sources */,
			);
			runOnlyForDeploymentPostprocessing = 0;
		};
/* End PBXSourcesBuildPhase section */

/* Begin PBXVariantGroup section */
		42EAA2E91C10B97800248E9F /* Main.storyboard */ = {
			isa = PBXVariantGroup;
			children = (
				42EAA2EA1C10B97800248E9F /* Base */,
			);
			name = Main.storyboard;
			sourceTree = "<group>";
		};
		42EAA2EE1C10B97800248E9F /* LaunchScreen.storyboard */ = {
			isa = PBXVariantGroup;
			children = (
				42EAA2EF1C10B97800248E9F /* Base */,
			);
			name = LaunchScreen.storyboard;
			sourceTree = "<group>";
		};
/* End PBXVariantGroup section */

/* Begin XCBuildConfiguration section */
		42EAA2F21C10B97800248E9F /* Debug */ = {
			isa = XCBuildConfiguration;
			buildSettings = {
				ALWAYS_SEARCH_USER_PATHS = NO;
				CLANG_CXX_LANGUAGE_STANDARD = "gnu++0x";
				CLANG_CXX_LIBRARY = "libc++";
				CLANG_ENABLE_MODULES = YES;
				CLANG_ENABLE_OBJC_ARC = YES;
				CLANG_WARN_BOOL_CONVERSION = YES;
				CLANG_WARN_CONSTANT_CONVERSION = YES;
				CLANG_WARN_DIRECT_OBJC_ISA_USAGE = YES_ERROR;
				CLANG_WARN_EMPTY_BODY = YES;
				CLANG_WARN_ENUM_CONVERSION = YES;
				CLANG_WARN_INT_CONVERSION = YES;
				CLANG_WARN_OBJC_ROOT_CLASS = YES_ERROR;
				CLANG_WARN_UNREACHABLE_CODE = YES;
				CLANG_WARN__DUPLICATE_METHOD_MATCH = YES;
				"CODE_SIGN_IDENTITY[sdk=iphoneos*]" = "iPhone Developer";
				COPY_PHASE_STRIP = NO;
				DEBUG_INFORMATION_FORMAT = dwarf;
				ENABLE_STRICT_OBJC_MSGSEND = YES;
				ENABLE_TESTABILITY = YES;
				GCC_C_LANGUAGE_STANDARD = gnu99;
				GCC_DYNAMIC_NO_PIC = NO;
				GCC_NO_COMMON_BLOCKS = YES;
				GCC_OPTIMIZATION_LEVEL = 0;
				GCC_PREPROCESSOR_DEFINITIONS = (
					"DEBUG=1",
					"$(inherited)",
				);
				GCC_WARN_64_TO_32_BIT_CONVERSION = YES;
				GCC_WARN_ABOUT_RETURN_TYPE = YES_ERROR;
				GCC_WARN_UNDECLARED_SELECTOR = YES;
				GCC_WARN_UNINITIALIZED_AUTOS = YES_AGGRESSIVE;
				GCC_WARN_UNUSED_FUNCTION = YES;
				GCC_WARN_UNUSED_VARIABLE = YES;
				IPHONEOS_DEPLOYMENT_TARGET = 9.0;
				MTL_ENABLE_DEBUG_INFO = YES;
				ONLY_ACTIVE_ARCH = YES;
				SDKROOT = iphoneos;
				SWIFT_OPTIMIZATION_LEVEL = "-Onone";
			};
			name = Debug;
		};
		42EAA2F31C10B97800248E9F /* Release */ = {
			isa = XCBuildConfiguration;
			buildSettings = {
				ALWAYS_SEARCH_USER_PATHS = NO;
				CLANG_CXX_LANGUAGE_STANDARD = "gnu++0x";
				CLANG_CXX_LIBRARY = "libc++";
				CLANG_ENABLE_MODULES = YES;
				CLANG_ENABLE_OBJC_ARC = YES;
				CLANG_WARN_BOOL_CONVERSION = YES;
				CLANG_WARN_CONSTANT_CONVERSION = YES;
				CLANG_WARN_DIRECT_OBJC_ISA_USAGE = YES_ERROR;
				CLANG_WARN_EMPTY_BODY = YES;
				CLANG_WARN_ENUM_CONVERSION = YES;
				CLANG_WARN_INT_CONVERSION = YES;
				CLANG_WARN_OBJC_ROOT_CLASS = YES_ERROR;
				CLANG_WARN_UNREACHABLE_CODE = YES;
				CLANG_WARN__DUPLICATE_METHOD_MATCH = YES;
				"CODE_SIGN_IDENTITY[sdk=iphoneos*]" = "iPhone Developer";
				COPY_PHASE_STRIP = NO;
				DEBUG_INFORMATION_FORMAT = "dwarf-with-dsym";
				ENABLE_NS_ASSERTIONS = NO;
				ENABLE_STRICT_OBJC_MSGSEND = YES;
				GCC_C_LANGUAGE_STANDARD = gnu99;
				GCC_NO_COMMON_BLOCKS = YES;
				GCC_WARN_64_TO_32_BIT_CONVERSION = YES;
				GCC_WARN_ABOUT_RETURN_TYPE = YES_ERROR;
				GCC_WARN_UNDECLARED_SELECTOR = YES;
				GCC_WARN_UNINITIALIZED_AUTOS = YES_AGGRESSIVE;
				GCC_WARN_UNUSED_FUNCTION = YES;
				GCC_WARN_UNUSED_VARIABLE = YES;
				IPHONEOS_DEPLOYMENT_TARGET = 9.0;
				MTL_ENABLE_DEBUG_INFO = NO;
				SDKROOT = iphoneos;
				VALIDATE_PRODUCT = YES;
			};
			name = Release;
		};
		42EAA2F51C10B97800248E9F /* Debug */ = {
			isa = XCBuildConfiguration;
			buildSettings = {
				ASSETCATALOG_COMPILER_APPICON_NAME = AppIcon;
				INFOPLIST_FILE = quickDemo/Info.plist;
				LD_RUNPATH_SEARCH_PATHS = "$(inherited) @executable_path/Frameworks";
				PRODUCT_BUNDLE_IDENTIFIER = com.strix.quickDemo;
				PRODUCT_NAME = "$(TARGET_NAME)";
			};
			name = Debug;
		};
		42EAA2F61C10B97800248E9F /* Release */ = {
			isa = XCBuildConfiguration;
			buildSettings = {
				ASSETCATALOG_COMPILER_APPICON_NAME = AppIcon;
				INFOPLIST_FILE = quickDemo/Info.plist;
				LD_RUNPATH_SEARCH_PATHS = "$(inherited) @executable_path/Frameworks";
				PRODUCT_BUNDLE_IDENTIFIER = com.strix.quickDemo;
				PRODUCT_NAME = "$(TARGET_NAME)";
			};
			name = Release;
		};
/* End XCBuildConfiguration section */

/* Begin XCConfigurationList section */
		42EAA2DD1C10B97800248E9F /* Build configuration list for PBXProject "quickDemo" */ = {
			isa = XCConfigurationList;
			buildConfigurations = (
				42EAA2F21C10B97800248E9F /* Debug */,
				42EAA2F31C10B97800248E9F /* Release */,
			);
			defaultConfigurationIsVisible = 0;
			defaultConfigurationName = Release;
		};
		42EAA2F41C10B97800248E9F /* Build configuration list for PBXNativeTarget "quickDemo" */ = {
			isa = XCConfigurationList;
			buildConfigurations = (
				42EAA2F51C10B97800248E9F /* Debug */,
				42EAA2F61C10B97800248E9F /* Release */,
			);
			defaultConfigurationIsVisible = 0;
			defaultConfigurationName = Release;
		};
/* End XCConfigurationList section */
	};
	rootObject = 42EAA2DA1C10B97800248E9F /* Project object */;
}
