// !$*UTF8*$!
{
	archiveVersion = 1;
	classes = {
	};
	objectVersion = 46;
	objects = {

/* Begin PBXBuildFile section */
		42B935731C07933B0093F257 /* AppDelegate.swift in Sources */ = {isa = PBXBuildFile; fileRef = 42B935721C07933B0093F257 /* AppDelegate.swift */; };
		42B935751C07933B0093F257 /* ViewController.swift in Sources */ = {isa = PBXBuildFile; fileRef = 42B935741C07933B0093F257 /* ViewController.swift */; };
		42B935781C07933B0093F257 /* Main.storyboard in Resources */ = {isa = PBXBuildFile; fileRef = 42B935761C07933B0093F257 /* Main.storyboard */; };
		42B9357A1C07933B0093F257 /* Assets.xcassets in Resources */ = {isa = PBXBuildFile; fileRef = 42B935791C07933B0093F257 /* Assets.xcassets */; };
		42B9357D1C07933B0093F257 /* LaunchScreen.storyboard in Resources */ = {isa = PBXBuildFile; fileRef = 42B9357B1C07933B0093F257 /* LaunchScreen.storyboard */; };
/* End PBXBuildFile section */

/* Begin PBXFileReference section */
		42B9356F1C07933B0093F257 /* TODO list.app */ = {isa = PBXFileReference; explicitFileType = wrapper.application; includeInIndex = 0; path = "TODO list.app"; sourceTree = BUILT_PRODUCTS_DIR; };
		42B935721C07933B0093F257 /* AppDelegate.swift */ = {isa = PBXFileReference; lastKnownFileType = sourcecode.swift; path = AppDelegate.swift; sourceTree = "<group>"; };
		42B935741C07933B0093F257 /* ViewController.swift */ = {isa = PBXFileReference; lastKnownFileType = sourcecode.swift; path = ViewController.swift; sourceTree = "<group>"; };
		42B935771C07933B0093F257 /* Base */ = {isa = PBXFileReference; lastKnownFileType = file.storyboard; name = Base; path = Base.lproj/Main.storyboard; sourceTree = "<group>"; };
		42B935791C07933B0093F257 /* Assets.xcassets */ = {isa = PBXFileReference; lastKnownFileType = folder.assetcatalog; path = Assets.xcassets; sourceTree = "<group>"; };
		42B9357C1C07933B0093F257 /* Base */ = {isa = PBXFileReference; lastKnownFileType = file.storyboard; name = Base; path = Base.lproj/LaunchScreen.storyboard; sourceTree = "<group>"; };
		42B9357E1C07933B0093F257 /* Info.plist */ = {isa = PBXFileReference; lastKnownFileType = text.plist.xml; path = Info.plist; sourceTree = "<group>"; };
/* End PBXFileReference section */

/* Begin PBXFrameworksBuildPhase section */
		42B9356C1C07933B0093F257 /* Frameworks */ = {
			isa = PBXFrameworksBuildPhase;
			buildActionMask = 2147483647;
			files = (
			);
			runOnlyForDeploymentPostprocessing = 0;
		};
/* End PBXFrameworksBuildPhase section */

/* Begin PBXGroup section */
		42B935661C07933B0093F257 = {
			isa = PBXGroup;
			children = (
				42B935711C07933B0093F257 /* TODO list */,
				42B935701C07933B0093F257 /* Products */,
			);
			sourceTree = "<group>";
		};
		42B935701C07933B0093F257 /* Products */ = {
			isa = PBXGroup;
			children = (
				42B9356F1C07933B0093F257 /* TODO list.app */,
			);
			name = Products;
			sourceTree = "<group>";
		};
		42B935711C07933B0093F257 /* TODO list */ = {
			isa = PBXGroup;
			children = (
				42B935721C07933B0093F257 /* AppDelegate.swift */,
				42B935741C07933B0093F257 /* ViewController.swift */,
				42B935761C07933B0093F257 /* Main.storyboard */,
				42B935791C07933B0093F257 /* Assets.xcassets */,
				42B9357B1C07933B0093F257 /* LaunchScreen.storyboard */,
				42B9357E1C07933B0093F257 /* Info.plist */,
			);
			path = "TODO list";
			sourceTree = "<group>";
		};
/* End PBXGroup section */

/* Begin PBXNativeTarget section */
		42B9356E1C07933B0093F257 /* TODO list */ = {
			isa = PBXNativeTarget;
			buildConfigurationList = 42B935811C07933B0093F257 /* Build configuration list for PBXNativeTarget "TODO list" */;
			buildPhases = (
				42B9356B1C07933B0093F257 /* Sources */,
				42B9356C1C07933B0093F257 /* Frameworks */,
				42B9356D1C07933B0093F257 /* Resources */,
			);
			buildRules = (
			);
			dependencies = (
			);
			name = "TODO list";
			productName = "TODO list";
			productReference = 42B9356F1C07933B0093F257 /* TODO list.app */;
			productType = "com.apple.product-type.application";
		};
/* End PBXNativeTarget section */

/* Begin PBXProject section */
		42B935671C07933B0093F257 /* Project object */ = {
			isa = PBXProject;
			attributes = {
				LastUpgradeCheck = 0700;
				ORGANIZATIONNAME = strix;
				TargetAttributes = {
					42B9356E1C07933B0093F257 = {
						CreatedOnToolsVersion = 7.0.1;
					};
				};
			};
			buildConfigurationList = 42B9356A1C07933B0093F257 /* Build configuration list for PBXProject "TODO list" */;
			compatibilityVersion = "Xcode 3.2";
			developmentRegion = English;
			hasScannedForEncodings = 0;
			knownRegions = (
				en,
				Base,
			);
			mainGroup = 42B935661C07933B0093F257;
			productRefGroup = 42B935701C07933B0093F257 /* Products */;
			projectDirPath = "";
			projectRoot = "";
			targets = (
				42B9356E1C07933B0093F257 /* TODO list */,
			);
		};
/* End PBXProject section */

/* Begin PBXResourcesBuildPhase section */
		42B9356D1C07933B0093F257 /* Resources */ = {
			isa = PBXResourcesBuildPhase;
			buildActionMask = 2147483647;
			files = (
				42B9357D1C07933B0093F257 /* LaunchScreen.storyboard in Resources */,
				42B9357A1C07933B0093F257 /* Assets.xcassets in Resources */,
				42B935781C07933B0093F257 /* Main.storyboard in Resources */,
			);
			runOnlyForDeploymentPostprocessing = 0;
		};
/* End PBXResourcesBuildPhase section */

/* Begin PBXSourcesBuildPhase section */
		42B9356B1C07933B0093F257 /* Sources */ = {
			isa = PBXSourcesBuildPhase;
			buildActionMask = 2147483647;
			files = (
				42B935751C07933B0093F257 /* ViewController.swift in Sources */,
				42B935731C07933B0093F257 /* AppDelegate.swift in Sources */,
			);
			runOnlyForDeploymentPostprocessing = 0;
		};
/* End PBXSourcesBuildPhase section */

/* Begin PBXVariantGroup section */
		42B935761C07933B0093F257 /* Main.storyboard */ = {
			isa = PBXVariantGroup;
			children = (
				42B935771C07933B0093F257 /* Base */,
			);
			name = Main.storyboard;
			sourceTree = "<group>";
		};
		42B9357B1C07933B0093F257 /* LaunchScreen.storyboard */ = {
			isa = PBXVariantGroup;
			children = (
				42B9357C1C07933B0093F257 /* Base */,
			);
			name = LaunchScreen.storyboard;
			sourceTree = "<group>";
		};
/* End PBXVariantGroup section */

/* Begin XCBuildConfiguration section */
		42B9357F1C07933B0093F257 /* Debug */ = {
			isa = XCBuildConfiguration;
			buildSettings = {
				ALWAYS_SEARCH_USER_PATHS = NO;
				CLANG_CXX_LANGUAGE_STANDARD = "gnu++0x";
				CLANG_CXX_LIBRARY = "libc++";
				CLANG_ENABLE_MODULES = YES;
				CLANG_ENABLE_OBJC_ARC = YES;
				CLANG_WARN_BOOL_CONVERSION = YES;
				CLANG_WARN_CONSTANT_CONVERSION = YES;
				CLANG_WARN_DIRECT_OBJC_ISA_USAGE = YES_ERROR;
				CLANG_WARN_EMPTY_BODY = YES;
				CLANG_WARN_ENUM_CONVERSION = YES;
				CLANG_WARN_INT_CONVERSION = YES;
				CLANG_WARN_OBJC_ROOT_CLASS = YES_ERROR;
				CLANG_WARN_UNREACHABLE_CODE = YES;
				CLANG_WARN__DUPLICATE_METHOD_MATCH = YES;
				"CODE_SIGN_IDENTITY[sdk=iphoneos*]" = "iPhone Developer";
				COPY_PHASE_STRIP = NO;
				DEBUG_INFORMATION_FORMAT = dwarf;
				ENABLE_STRICT_OBJC_MSGSEND = YES;
				ENABLE_TESTABILITY = YES;
				GCC_C_LANGUAGE_STANDARD = gnu99;
				GCC_DYNAMIC_NO_PIC = NO;
				GCC_NO_COMMON_BLOCKS = YES;
				GCC_OPTIMIZATION_LEVEL = 0;
				GCC_PREPROCESSOR_DEFINITIONS = (
					"DEBUG=1",
					"$(inherited)",
				);
				GCC_WARN_64_TO_32_BIT_CONVERSION = YES;
				GCC_WARN_ABOUT_RETURN_TYPE = YES_ERROR;
				GCC_WARN_UNDECLARED_SELECTOR = YES;
				GCC_WARN_UNINITIALIZED_AUTOS = YES_AGGRESSIVE;
				GCC_WARN_UNUSED_FUNCTION = YES;
				GCC_WARN_UNUSED_VARIABLE = YES;
				IPHONEOS_DEPLOYMENT_TARGET = 9.0;
				MTL_ENABLE_DEBUG_INFO = YES;
				ONLY_ACTIVE_ARCH = YES;
				SDKROOT = iphoneos;
				SWIFT_OPTIMIZATION_LEVEL = "-Onone";
			};
			name = Debug;
		};
		42B935801C07933B0093F257 /* Release */ = {
			isa = XCBuildConfiguration;
			buildSettings = {
				ALWAYS_SEARCH_USER_PATHS = NO;
				CLANG_CXX_LANGUAGE_STANDARD = "gnu++0x";
				CLANG_CXX_LIBRARY = "libc++";
				CLANG_ENABLE_MODULES = YES;
				CLANG_ENABLE_OBJC_ARC = YES;
				CLANG_WARN_BOOL_CONVERSION = YES;
				CLANG_WARN_CONSTANT_CONVERSION = YES;
				CLANG_WARN_DIRECT_OBJC_ISA_USAGE = YES_ERROR;
				CLANG_WARN_EMPTY_BODY = YES;
				CLANG_WARN_ENUM_CONVERSION = YES;
				CLANG_WARN_INT_CONVERSION = YES;
				CLANG_WARN_OBJC_ROOT_CLASS = YES_ERROR;
				CLANG_WARN_UNREACHABLE_CODE = YES;
				CLANG_WARN__DUPLICATE_METHOD_MATCH = YES;
				"CODE_SIGN_IDENTITY[sdk=iphoneos*]" = "iPhone Developer";
				COPY_PHASE_STRIP = NO;
				DEBUG_INFORMATION_FORMAT = "dwarf-with-dsym";
				ENABLE_NS_ASSERTIONS = NO;
				ENABLE_STRICT_OBJC_MSGSEND = YES;
				GCC_C_LANGUAGE_STANDARD = gnu99;
				GCC_NO_COMMON_BLOCKS = YES;
				GCC_WARN_64_TO_32_BIT_CONVERSION = YES;
				GCC_WARN_ABOUT_RETURN_TYPE = YES_ERROR;
				GCC_WARN_UNDECLARED_SELECTOR = YES;
				GCC_WARN_UNINITIALIZED_AUTOS = YES_AGGRESSIVE;
				GCC_WARN_UNUSED_FUNCTION = YES;
				GCC_WARN_UNUSED_VARIABLE = YES;
				IPHONEOS_DEPLOYMENT_TARGET = 9.0;
				MTL_ENABLE_DEBUG_INFO = NO;
				SDKROOT = iphoneos;
				VALIDATE_PRODUCT = YES;
			};
			name = Release;
		};
		42B935821C07933B0093F257 /* Debug */ = {
			isa = XCBuildConfiguration;
			buildSettings = {
				ASSETCATALOG_COMPILER_APPICON_NAME = AppIcon;
				INFOPLIST_FILE = "TODO list/Info.plist";
				LD_RUNPATH_SEARCH_PATHS = "$(inherited) @executable_path/Frameworks";
				PRODUCT_BUNDLE_IDENTIFIER = "com.strix.TODO-list";
				PRODUCT_NAME = "$(TARGET_NAME)";
			};
			name = Debug;
		};
		42B935831C07933B0093F257 /* Release */ = {
			isa = XCBuildConfiguration;
			buildSettings = {
				ASSETCATALOG_COMPILER_APPICON_NAME = AppIcon;
				INFOPLIST_FILE = "TODO list/Info.plist";
				LD_RUNPATH_SEARCH_PATHS = "$(inherited) @executable_path/Frameworks";
				PRODUCT_BUNDLE_IDENTIFIER = "com.strix.TODO-list";
				PRODUCT_NAME = "$(TARGET_NAME)";
			};
			name = Release;
		};
/* End XCBuildConfiguration section */

/* Begin XCConfigurationList section */
		42B9356A1C07933B0093F257 /* Build configuration list for PBXProject "TODO list" */ = {
			isa = XCConfigurationList;
			buildConfigurations = (
				42B9357F1C07933B0093F257 /* Debug */,
				42B935801C07933B0093F257 /* Release */,
			);
			defaultConfigurationIsVisible = 0;
			defaultConfigurationName = Release;
		};
		42B935811C07933B0093F257 /* Build configuration list for PBXNativeTarget "TODO list" */ = {
			isa = XCConfigurationList;
			buildConfigurations = (
				42B935821C07933B0093F257 /* Debug */,
				42B935831C07933B0093F257 /* Release */,
			);
			defaultConfigurationIsVisible = 0;
		};
/* End XCConfigurationList section */
	};
	rootObject = 42B935671C07933B0093F257 /* Project object */;
}
