// !$*UTF8*$!
{
	archiveVersion = 1;
	classes = {
	};
	objectVersion = 46;
	objects = {

/* Begin PBXBuildFile section */
		429672291C08EA2B00A279CD /* AppDelegate.swift in Sources */ = {isa = PBXBuildFile; fileRef = 429672281C08EA2B00A279CD /* AppDelegate.swift */; };
		4296722B1C08EA2B00A279CD /* ViewController.swift in Sources */ = {isa = PBXBuildFile; fileRef = 4296722A1C08EA2B00A279CD /* ViewController.swift */; };
		4296722E1C08EA2B00A279CD /* Main.storyboard in Resources */ = {isa = PBXBuildFile; fileRef = 4296722C1C08EA2B00A279CD /* Main.storyboard */; };
		429672301C08EA2B00A279CD /* Assets.xcassets in Resources */ = {isa = PBXBuildFile; fileRef = 4296722F1C08EA2B00A279CD /* Assets.xcassets */; };
		429672331C08EA2B00A279CD /* LaunchScreen.storyboard in Resources */ = {isa = PBXBuildFile; fileRef = 429672311C08EA2B00A279CD /* LaunchScreen.storyboard */; };
		4296723B1C08EA5200A279CD /* AVFoundation.framework in Frameworks */ = {isa = PBXBuildFile; fileRef = 4296723A1C08EA5200A279CD /* AVFoundation.framework */; };
		4296723D1C08EC8700A279CD /* djcat.png in Resources */ = {isa = PBXBuildFile; fileRef = 4296723C1C08EC8700A279CD /* djcat.png */; settings = {ASSET_TAGS = (); }; };
		4296723F1C08ED7300A279CD /* Welcome to Planet Urf.mp3 in Resources */ = {isa = PBXBuildFile; fileRef = 4296723E1C08ED7300A279CD /* Welcome to Planet Urf.mp3 */; settings = {ASSET_TAGS = (); }; };
/* End PBXBuildFile section */

/* Begin PBXFileReference section */
		429672251C08EA2B00A279CD /* Musical.app */ = {isa = PBXFileReference; explicitFileType = wrapper.application; includeInIndex = 0; path = Musical.app; sourceTree = BUILT_PRODUCTS_DIR; };
		429672281C08EA2B00A279CD /* AppDelegate.swift */ = {isa = PBXFileReference; lastKnownFileType = sourcecode.swift; path = AppDelegate.swift; sourceTree = "<group>"; };
		4296722A1C08EA2B00A279CD /* ViewController.swift */ = {isa = PBXFileReference; lastKnownFileType = sourcecode.swift; path = ViewController.swift; sourceTree = "<group>"; };
		4296722D1C08EA2B00A279CD /* Base */ = {isa = PBXFileReference; lastKnownFileType = file.storyboard; name = Base; path = Base.lproj/Main.storyboard; sourceTree = "<group>"; };
		4296722F1C08EA2B00A279CD /* Assets.xcassets */ = {isa = PBXFileReference; lastKnownFileType = folder.assetcatalog; path = Assets.xcassets; sourceTree = "<group>"; };
		429672321C08EA2B00A279CD /* Base */ = {isa = PBXFileReference; lastKnownFileType = file.storyboard; name = Base; path = Base.lproj/LaunchScreen.storyboard; sourceTree = "<group>"; };
		429672341C08EA2B00A279CD /* Info.plist */ = {isa = PBXFileReference; lastKnownFileType = text.plist.xml; path = Info.plist; sourceTree = "<group>"; };
		4296723A1C08EA5200A279CD /* AVFoundation.framework */ = {isa = PBXFileReference; lastKnownFileType = wrapper.framework; name = AVFoundation.framework; path = System/Library/Frameworks/AVFoundation.framework; sourceTree = SDKROOT; };
		4296723C1C08EC8700A279CD /* djcat.png */ = {isa = PBXFileReference; lastKnownFileType = image.png; path = djcat.png; sourceTree = "<group>"; };
		4296723E1C08ED7300A279CD /* Welcome to Planet Urf.mp3 */ = {isa = PBXFileReference; lastKnownFileType = audio.mp3; path = "Welcome to Planet Urf.mp3"; sourceTree = "<group>"; };
/* End PBXFileReference section */

/* Begin PBXFrameworksBuildPhase section */
		429672221C08EA2B00A279CD /* Frameworks */ = {
			isa = PBXFrameworksBuildPhase;
			buildActionMask = 2147483647;
			files = (
				4296723B1C08EA5200A279CD /* AVFoundation.framework in Frameworks */,
			);
			runOnlyForDeploymentPostprocessing = 0;
		};
/* End PBXFrameworksBuildPhase section */

/* Begin PBXGroup section */
		4296721C1C08EA2B00A279CD = {
			isa = PBXGroup;
			children = (
				4296723A1C08EA5200A279CD /* AVFoundation.framework */,
				429672271C08EA2B00A279CD /* Musical */,
				429672261C08EA2B00A279CD /* Products */,
			);
			sourceTree = "<group>";
		};
		429672261C08EA2B00A279CD /* Products */ = {
			isa = PBXGroup;
			children = (
				429672251C08EA2B00A279CD /* Musical.app */,
			);
			name = Products;
			sourceTree = "<group>";
		};
		429672271C08EA2B00A279CD /* Musical */ = {
			isa = PBXGroup;
			children = (
				4296723C1C08EC8700A279CD /* djcat.png */,
				4296723E1C08ED7300A279CD /* Welcome to Planet Urf.mp3 */,
				429672281C08EA2B00A279CD /* AppDelegate.swift */,
				4296722A1C08EA2B00A279CD /* ViewController.swift */,
				4296722C1C08EA2B00A279CD /* Main.storyboard */,
				4296722F1C08EA2B00A279CD /* Assets.xcassets */,
				429672311C08EA2B00A279CD /* LaunchScreen.storyboard */,
				429672341C08EA2B00A279CD /* Info.plist */,
			);
			path = Musical;
			sourceTree = "<group>";
		};
/* End PBXGroup section */

/* Begin PBXNativeTarget section */
		429672241C08EA2B00A279CD /* Musical */ = {
			isa = PBXNativeTarget;
			buildConfigurationList = 429672371C08EA2B00A279CD /* Build configuration list for PBXNativeTarget "Musical" */;
			buildPhases = (
				429672211C08EA2B00A279CD /* Sources */,
				429672221C08EA2B00A279CD /* Frameworks */,
				429672231C08EA2B00A279CD /* Resources */,
			);
			buildRules = (
			);
			dependencies = (
			);
			name = Musical;
			productName = Musical;
			productReference = 429672251C08EA2B00A279CD /* Musical.app */;
			productType = "com.apple.product-type.application";
		};
/* End PBXNativeTarget section */

/* Begin PBXProject section */
		4296721D1C08EA2B00A279CD /* Project object */ = {
			isa = PBXProject;
			attributes = {
				LastUpgradeCheck = 0700;
				ORGANIZATIONNAME = strix;
				TargetAttributes = {
					429672241C08EA2B00A279CD = {
						CreatedOnToolsVersion = 7.0.1;
					};
				};
			};
			buildConfigurationList = 429672201C08EA2B00A279CD /* Build configuration list for PBXProject "Musical" */;
			compatibilityVersion = "Xcode 3.2";
			developmentRegion = English;
			hasScannedForEncodings = 0;
			knownRegions = (
				en,
				Base,
			);
			mainGroup = 4296721C1C08EA2B00A279CD;
			productRefGroup = 429672261C08EA2B00A279CD /* Products */;
			projectDirPath = "";
			projectRoot = "";
			targets = (
				429672241C08EA2B00A279CD /* Musical */,
			);
		};
/* End PBXProject section */

/* Begin PBXResourcesBuildPhase section */
		429672231C08EA2B00A279CD /* Resources */ = {
			isa = PBXResourcesBuildPhase;
			buildActionMask = 2147483647;
			files = (
				429672331C08EA2B00A279CD /* LaunchScreen.storyboard in Resources */,
				429672301C08EA2B00A279CD /* Assets.xcassets in Resources */,
				4296723D1C08EC8700A279CD /* djcat.png in Resources */,
				4296723F1C08ED7300A279CD /* Welcome to Planet Urf.mp3 in Resources */,
				4296722E1C08EA2B00A279CD /* Main.storyboard in Resources */,
			);
			runOnlyForDeploymentPostprocessing = 0;
		};
/* End PBXResourcesBuildPhase section */

/* Begin PBXSourcesBuildPhase section */
		429672211C08EA2B00A279CD /* Sources */ = {
			isa = PBXSourcesBuildPhase;
			buildActionMask = 2147483647;
			files = (
				4296722B1C08EA2B00A279CD /* ViewController.swift in Sources */,
				429672291C08EA2B00A279CD /* AppDelegate.swift in Sources */,
			);
			runOnlyForDeploymentPostprocessing = 0;
		};
/* End PBXSourcesBuildPhase section */

/* Begin PBXVariantGroup section */
		4296722C1C08EA2B00A279CD /* Main.storyboard */ = {
			isa = PBXVariantGroup;
			children = (
				4296722D1C08EA2B00A279CD /* Base */,
			);
			name = Main.storyboard;
			sourceTree = "<group>";
		};
		429672311C08EA2B00A279CD /* LaunchScreen.storyboard */ = {
			isa = PBXVariantGroup;
			children = (
				429672321C08EA2B00A279CD /* Base */,
			);
			name = LaunchScreen.storyboard;
			sourceTree = "<group>";
		};
/* End PBXVariantGroup section */

/* Begin XCBuildConfiguration section */
		429672351C08EA2B00A279CD /* Debug */ = {
			isa = XCBuildConfiguration;
			buildSettings = {
				ALWAYS_SEARCH_USER_PATHS = NO;
				CLANG_CXX_LANGUAGE_STANDARD = "gnu++0x";
				CLANG_CXX_LIBRARY = "libc++";
				CLANG_ENABLE_MODULES = YES;
				CLANG_ENABLE_OBJC_ARC = YES;
				CLANG_WARN_BOOL_CONVERSION = YES;
				CLANG_WARN_CONSTANT_CONVERSION = YES;
				CLANG_WARN_DIRECT_OBJC_ISA_USAGE = YES_ERROR;
				CLANG_WARN_EMPTY_BODY = YES;
				CLANG_WARN_ENUM_CONVERSION = YES;
				CLANG_WARN_INT_CONVERSION = YES;
				CLANG_WARN_OBJC_ROOT_CLASS = YES_ERROR;
				CLANG_WARN_UNREACHABLE_CODE = YES;
				CLANG_WARN__DUPLICATE_METHOD_MATCH = YES;
				"CODE_SIGN_IDENTITY[sdk=iphoneos*]" = "iPhone Developer";
				COPY_PHASE_STRIP = NO;
				DEBUG_INFORMATION_FORMAT = dwarf;
				ENABLE_STRICT_OBJC_MSGSEND = YES;
				ENABLE_TESTABILITY = YES;
				GCC_C_LANGUAGE_STANDARD = gnu99;
				GCC_DYNAMIC_NO_PIC = NO;
				GCC_NO_COMMON_BLOCKS = YES;
				GCC_OPTIMIZATION_LEVEL = 0;
				GCC_PREPROCESSOR_DEFINITIONS = (
					"DEBUG=1",
					"$(inherited)",
				);
				GCC_WARN_64_TO_32_BIT_CONVERSION = YES;
				GCC_WARN_ABOUT_RETURN_TYPE = YES_ERROR;
				GCC_WARN_UNDECLARED_SELECTOR = YES;
				GCC_WARN_UNINITIALIZED_AUTOS = YES_AGGRESSIVE;
				GCC_WARN_UNUSED_FUNCTION = YES;
				GCC_WARN_UNUSED_VARIABLE = YES;
				IPHONEOS_DEPLOYMENT_TARGET = 9.0;
				MTL_ENABLE_DEBUG_INFO = YES;
				ONLY_ACTIVE_ARCH = YES;
				SDKROOT = iphoneos;
				SWIFT_OPTIMIZATION_LEVEL = "-Onone";
			};
			name = Debug;
		};
		429672361C08EA2B00A279CD /* Release */ = {
			isa = XCBuildConfiguration;
			buildSettings = {
				ALWAYS_SEARCH_USER_PATHS = NO;
				CLANG_CXX_LANGUAGE_STANDARD = "gnu++0x";
				CLANG_CXX_LIBRARY = "libc++";
				CLANG_ENABLE_MODULES = YES;
				CLANG_ENABLE_OBJC_ARC = YES;
				CLANG_WARN_BOOL_CONVERSION = YES;
				CLANG_WARN_CONSTANT_CONVERSION = YES;
				CLANG_WARN_DIRECT_OBJC_ISA_USAGE = YES_ERROR;
				CLANG_WARN_EMPTY_BODY = YES;
				CLANG_WARN_ENUM_CONVERSION = YES;
				CLANG_WARN_INT_CONVERSION = YES;
				CLANG_WARN_OBJC_ROOT_CLASS = YES_ERROR;
				CLANG_WARN_UNREACHABLE_CODE = YES;
				CLANG_WARN__DUPLICATE_METHOD_MATCH = YES;
				"CODE_SIGN_IDENTITY[sdk=iphoneos*]" = "iPhone Developer";
				COPY_PHASE_STRIP = NO;
				DEBUG_INFORMATION_FORMAT = "dwarf-with-dsym";
				ENABLE_NS_ASSERTIONS = NO;
				ENABLE_STRICT_OBJC_MSGSEND = YES;
				GCC_C_LANGUAGE_STANDARD = gnu99;
				GCC_NO_COMMON_BLOCKS = YES;
				GCC_WARN_64_TO_32_BIT_CONVERSION = YES;
				GCC_WARN_ABOUT_RETURN_TYPE = YES_ERROR;
				GCC_WARN_UNDECLARED_SELECTOR = YES;
				GCC_WARN_UNINITIALIZED_AUTOS = YES_AGGRESSIVE;
				GCC_WARN_UNUSED_FUNCTION = YES;
				GCC_WARN_UNUSED_VARIABLE = YES;
				IPHONEOS_DEPLOYMENT_TARGET = 9.0;
				MTL_ENABLE_DEBUG_INFO = NO;
				SDKROOT = iphoneos;
				VALIDATE_PRODUCT = YES;
			};
			name = Release;
		};
		429672381C08EA2B00A279CD /* Debug */ = {
			isa = XCBuildConfiguration;
			buildSettings = {
				ASSETCATALOG_COMPILER_APPICON_NAME = AppIcon;
				INFOPLIST_FILE = Musical/Info.plist;
				LD_RUNPATH_SEARCH_PATHS = "$(inherited) @executable_path/Frameworks";
				PRODUCT_BUNDLE_IDENTIFIER = com.strix.Musical;
				PRODUCT_NAME = "$(TARGET_NAME)";
			};
			name = Debug;
		};
		429672391C08EA2B00A279CD /* Release */ = {
			isa = XCBuildConfiguration;
			buildSettings = {
				ASSETCATALOG_COMPILER_APPICON_NAME = AppIcon;
				INFOPLIST_FILE = Musical/Info.plist;
				LD_RUNPATH_SEARCH_PATHS = "$(inherited) @executable_path/Frameworks";
				PRODUCT_BUNDLE_IDENTIFIER = com.strix.Musical;
				PRODUCT_NAME = "$(TARGET_NAME)";
			};
			name = Release;
		};
/* End XCBuildConfiguration section */

/* Begin XCConfigurationList section */
		429672201C08EA2B00A279CD /* Build configuration list for PBXProject "Musical" */ = {
			isa = XCConfigurationList;
			buildConfigurations = (
				429672351C08EA2B00A279CD /* Debug */,
				429672361C08EA2B00A279CD /* Release */,
			);
			defaultConfigurationIsVisible = 0;
			defaultConfigurationName = Release;
		};
		429672371C08EA2B00A279CD /* Build configuration list for PBXNativeTarget "Musical" */ = {
			isa = XCConfigurationList;
			buildConfigurations = (
				429672381C08EA2B00A279CD /* Debug */,
				429672391C08EA2B00A279CD /* Release */,
			);
			defaultConfigurationIsVisible = 0;
		};
/* End XCConfigurationList section */
	};
	rootObject = 4296721D1C08EA2B00A279CD /* Project object */;
}
