// !$*UTF8*$!
{
	archiveVersion = 1;
	classes = {
	};
	objectVersion = 46;
	objects = {

/* Begin PBXBuildFile section */
		421312231BF1364D00A31F49 /* AppDelegate.swift in Sources */ = {isa = PBXBuildFile; fileRef = 421312221BF1364D00A31F49 /* AppDelegate.swift */; };
		421312251BF1364D00A31F49 /* ViewController.swift in Sources */ = {isa = PBXBuildFile; fileRef = 421312241BF1364D00A31F49 /* ViewController.swift */; };
		421312281BF1364D00A31F49 /* Main.storyboard in Resources */ = {isa = PBXBuildFile; fileRef = 421312261BF1364D00A31F49 /* Main.storyboard */; };
		4213122A1BF1364D00A31F49 /* Assets.xcassets in Resources */ = {isa = PBXBuildFile; fileRef = 421312291BF1364D00A31F49 /* Assets.xcassets */; };
		4213122D1BF1364D00A31F49 /* LaunchScreen.storyboard in Resources */ = {isa = PBXBuildFile; fileRef = 4213122B1BF1364D00A31F49 /* LaunchScreen.storyboard */; };
		421312381BF1364D00A31F49 /* navi_testTests.swift in Sources */ = {isa = PBXBuildFile; fileRef = 421312371BF1364D00A31F49 /* navi_testTests.swift */; };
		421312431BF1364D00A31F49 /* navi_testUITests.swift in Sources */ = {isa = PBXBuildFile; fileRef = 421312421BF1364D00A31F49 /* navi_testUITests.swift */; };
/* End PBXBuildFile section */

/* Begin PBXContainerItemProxy section */
		421312341BF1364D00A31F49 /* PBXContainerItemProxy */ = {
			isa = PBXContainerItemProxy;
			containerPortal = 421312171BF1364D00A31F49 /* Project object */;
			proxyType = 1;
			remoteGlobalIDString = 4213121E1BF1364D00A31F49;
			remoteInfo = "navi-test";
		};
		4213123F1BF1364D00A31F49 /* PBXContainerItemProxy */ = {
			isa = PBXContainerItemProxy;
			containerPortal = 421312171BF1364D00A31F49 /* Project object */;
			proxyType = 1;
			remoteGlobalIDString = 4213121E1BF1364D00A31F49;
			remoteInfo = "navi-test";
		};
/* End PBXContainerItemProxy section */

/* Begin PBXFileReference section */
		4213121F1BF1364D00A31F49 /* navi-test.app */ = {isa = PBXFileReference; explicitFileType = wrapper.application; includeInIndex = 0; path = "navi-test.app"; sourceTree = BUILT_PRODUCTS_DIR; };
		421312221BF1364D00A31F49 /* AppDelegate.swift */ = {isa = PBXFileReference; lastKnownFileType = sourcecode.swift; path = AppDelegate.swift; sourceTree = "<group>"; };
		421312241BF1364D00A31F49 /* ViewController.swift */ = {isa = PBXFileReference; lastKnownFileType = sourcecode.swift; path = ViewController.swift; sourceTree = "<group>"; };
		421312271BF1364D00A31F49 /* Base */ = {isa = PBXFileReference; lastKnownFileType = file.storyboard; name = Base; path = Base.lproj/Main.storyboard; sourceTree = "<group>"; };
		421312291BF1364D00A31F49 /* Assets.xcassets */ = {isa = PBXFileReference; lastKnownFileType = folder.assetcatalog; path = Assets.xcassets; sourceTree = "<group>"; };
		4213122C1BF1364D00A31F49 /* Base */ = {isa = PBXFileReference; lastKnownFileType = file.storyboard; name = Base; path = Base.lproj/LaunchScreen.storyboard; sourceTree = "<group>"; };
		4213122E1BF1364D00A31F49 /* Info.plist */ = {isa = PBXFileReference; lastKnownFileType = text.plist.xml; path = Info.plist; sourceTree = "<group>"; };
		421312331BF1364D00A31F49 /* navi-testTests.xctest */ = {isa = PBXFileReference; explicitFileType = wrapper.cfbundle; includeInIndex = 0; path = "navi-testTests.xctest"; sourceTree = BUILT_PRODUCTS_DIR; };
		421312371BF1364D00A31F49 /* navi_testTests.swift */ = {isa = PBXFileReference; lastKnownFileType = sourcecode.swift; path = navi_testTests.swift; sourceTree = "<group>"; };
		421312391BF1364D00A31F49 /* Info.plist */ = {isa = PBXFileReference; lastKnownFileType = text.plist.xml; path = Info.plist; sourceTree = "<group>"; };
		4213123E1BF1364D00A31F49 /* navi-testUITests.xctest */ = {isa = PBXFileReference; explicitFileType = wrapper.cfbundle; includeInIndex = 0; path = "navi-testUITests.xctest"; sourceTree = BUILT_PRODUCTS_DIR; };
		421312421BF1364D00A31F49 /* navi_testUITests.swift */ = {isa = PBXFileReference; lastKnownFileType = sourcecode.swift; path = navi_testUITests.swift; sourceTree = "<group>"; };
		421312441BF1364D00A31F49 /* Info.plist */ = {isa = PBXFileReference; lastKnownFileType = text.plist.xml; path = Info.plist; sourceTree = "<group>"; };
/* End PBXFileReference section */

/* Begin PBXFrameworksBuildPhase section */
		4213121C1BF1364D00A31F49 /* Frameworks */ = {
			isa = PBXFrameworksBuildPhase;
			buildActionMask = 2147483647;
			files = (
			);
			runOnlyForDeploymentPostprocessing = 0;
		};
		421312301BF1364D00A31F49 /* Frameworks */ = {
			isa = PBXFrameworksBuildPhase;
			buildActionMask = 2147483647;
			files = (
			);
			runOnlyForDeploymentPostprocessing = 0;
		};
		4213123B1BF1364D00A31F49 /* Frameworks */ = {
			isa = PBXFrameworksBuildPhase;
			buildActionMask = 2147483647;
			files = (
			);
			runOnlyForDeploymentPostprocessing = 0;
		};
/* End PBXFrameworksBuildPhase section */

/* Begin PBXGroup section */
		421312161BF1364D00A31F49 = {
			isa = PBXGroup;
			children = (
				421312211BF1364D00A31F49 /* navi-test */,
				421312361BF1364D00A31F49 /* navi-testTests */,
				421312411BF1364D00A31F49 /* navi-testUITests */,
				421312201BF1364D00A31F49 /* Products */,
			);
			sourceTree = "<group>";
		};
		421312201BF1364D00A31F49 /* Products */ = {
			isa = PBXGroup;
			children = (
				4213121F1BF1364D00A31F49 /* navi-test.app */,
				421312331BF1364D00A31F49 /* navi-testTests.xctest */,
				4213123E1BF1364D00A31F49 /* navi-testUITests.xctest */,
			);
			name = Products;
			sourceTree = "<group>";
		};
		421312211BF1364D00A31F49 /* navi-test */ = {
			isa = PBXGroup;
			children = (
				421312221BF1364D00A31F49 /* AppDelegate.swift */,
				421312241BF1364D00A31F49 /* ViewController.swift */,
				421312261BF1364D00A31F49 /* Main.storyboard */,
				421312291BF1364D00A31F49 /* Assets.xcassets */,
				4213122B1BF1364D00A31F49 /* LaunchScreen.storyboard */,
				4213122E1BF1364D00A31F49 /* Info.plist */,
			);
			path = "navi-test";
			sourceTree = "<group>";
		};
		421312361BF1364D00A31F49 /* navi-testTests */ = {
			isa = PBXGroup;
			children = (
				421312371BF1364D00A31F49 /* navi_testTests.swift */,
				421312391BF1364D00A31F49 /* Info.plist */,
			);
			path = "navi-testTests";
			sourceTree = "<group>";
		};
		421312411BF1364D00A31F49 /* navi-testUITests */ = {
			isa = PBXGroup;
			children = (
				421312421BF1364D00A31F49 /* navi_testUITests.swift */,
				421312441BF1364D00A31F49 /* Info.plist */,
			);
			path = "navi-testUITests";
			sourceTree = "<group>";
		};
/* End PBXGroup section */

/* Begin PBXNativeTarget section */
		4213121E1BF1364D00A31F49 /* navi-test */ = {
			isa = PBXNativeTarget;
			buildConfigurationList = 421312471BF1364D00A31F49 /* Build configuration list for PBXNativeTarget "navi-test" */;
			buildPhases = (
				4213121B1BF1364D00A31F49 /* Sources */,
				4213121C1BF1364D00A31F49 /* Frameworks */,
				4213121D1BF1364D00A31F49 /* Resources */,
			);
			buildRules = (
			);
			dependencies = (
			);
			name = "navi-test";
			productName = "navi-test";
			productReference = 4213121F1BF1364D00A31F49 /* navi-test.app */;
			productType = "com.apple.product-type.application";
		};
		421312321BF1364D00A31F49 /* navi-testTests */ = {
			isa = PBXNativeTarget;
			buildConfigurationList = 4213124A1BF1364D00A31F49 /* Build configuration list for PBXNativeTarget "navi-testTests" */;
			buildPhases = (
				4213122F1BF1364D00A31F49 /* Sources */,
				421312301BF1364D00A31F49 /* Frameworks */,
				421312311BF1364D00A31F49 /* Resources */,
			);
			buildRules = (
			);
			dependencies = (
				421312351BF1364D00A31F49 /* PBXTargetDependency */,
			);
			name = "navi-testTests";
			productName = "navi-testTests";
			productReference = 421312331BF1364D00A31F49 /* navi-testTests.xctest */;
			productType = "com.apple.product-type.bundle.unit-test";
		};
		4213123D1BF1364D00A31F49 /* navi-testUITests */ = {
			isa = PBXNativeTarget;
			buildConfigurationList = 4213124D1BF1364D00A31F49 /* Build configuration list for PBXNativeTarget "navi-testUITests" */;
			buildPhases = (
				4213123A1BF1364D00A31F49 /* Sources */,
				4213123B1BF1364D00A31F49 /* Frameworks */,
				4213123C1BF1364D00A31F49 /* Resources */,
			);
			buildRules = (
			);
			dependencies = (
				421312401BF1364D00A31F49 /* PBXTargetDependency */,
			);
			name = "navi-testUITests";
			productName = "navi-testUITests";
			productReference = 4213123E1BF1364D00A31F49 /* navi-testUITests.xctest */;
			productType = "com.apple.product-type.bundle.ui-testing";
		};
/* End PBXNativeTarget section */

/* Begin PBXProject section */
		421312171BF1364D00A31F49 /* Project object */ = {
			isa = PBXProject;
			attributes = {
				LastUpgradeCheck = 0700;
				ORGANIZATIONNAME = strix;
				TargetAttributes = {
					4213121E1BF1364D00A31F49 = {
						CreatedOnToolsVersion = 7.0.1;
					};
					421312321BF1364D00A31F49 = {
						CreatedOnToolsVersion = 7.0.1;
						TestTargetID = 4213121E1BF1364D00A31F49;
					};
					4213123D1BF1364D00A31F49 = {
						CreatedOnToolsVersion = 7.0.1;
						TestTargetID = 4213121E1BF1364D00A31F49;
					};
				};
			};
			buildConfigurationList = 4213121A1BF1364D00A31F49 /* Build configuration list for PBXProject "navi-test" */;
			compatibilityVersion = "Xcode 3.2";
			developmentRegion = English;
			hasScannedForEncodings = 0;
			knownRegions = (
				en,
				Base,
			);
			mainGroup = 421312161BF1364D00A31F49;
			productRefGroup = 421312201BF1364D00A31F49 /* Products */;
			projectDirPath = "";
			projectRoot = "";
			targets = (
				4213121E1BF1364D00A31F49 /* navi-test */,
				421312321BF1364D00A31F49 /* navi-testTests */,
				4213123D1BF1364D00A31F49 /* navi-testUITests */,
			);
		};
/* End PBXProject section */

/* Begin PBXResourcesBuildPhase section */
		4213121D1BF1364D00A31F49 /* Resources */ = {
			isa = PBXResourcesBuildPhase;
			buildActionMask = 2147483647;
			files = (
				4213122D1BF1364D00A31F49 /* LaunchScreen.storyboard in Resources */,
				4213122A1BF1364D00A31F49 /* Assets.xcassets in Resources */,
				421312281BF1364D00A31F49 /* Main.storyboard in Resources */,
			);
			runOnlyForDeploymentPostprocessing = 0;
		};
		421312311BF1364D00A31F49 /* Resources */ = {
			isa = PBXResourcesBuildPhase;
			buildActionMask = 2147483647;
			files = (
			);
			runOnlyForDeploymentPostprocessing = 0;
		};
		4213123C1BF1364D00A31F49 /* Resources */ = {
			isa = PBXResourcesBuildPhase;
			buildActionMask = 2147483647;
			files = (
			);
			runOnlyForDeploymentPostprocessing = 0;
		};
/* End PBXResourcesBuildPhase section */

/* Begin PBXSourcesBuildPhase section */
		4213121B1BF1364D00A31F49 /* Sources */ = {
			isa = PBXSourcesBuildPhase;
			buildActionMask = 2147483647;
			files = (
				421312251BF1364D00A31F49 /* ViewController.swift in Sources */,
				421312231BF1364D00A31F49 /* AppDelegate.swift in Sources */,
			);
			runOnlyForDeploymentPostprocessing = 0;
		};
		4213122F1BF1364D00A31F49 /* Sources */ = {
			isa = PBXSourcesBuildPhase;
			buildActionMask = 2147483647;
			files = (
				421312381BF1364D00A31F49 /* navi_testTests.swift in Sources */,
			);
			runOnlyForDeploymentPostprocessing = 0;
		};
		4213123A1BF1364D00A31F49 /* Sources */ = {
			isa = PBXSourcesBuildPhase;
			buildActionMask = 2147483647;
			files = (
				421312431BF1364D00A31F49 /* navi_testUITests.swift in Sources */,
			);
			runOnlyForDeploymentPostprocessing = 0;
		};
/* End PBXSourcesBuildPhase section */

/* Begin PBXTargetDependency section */
		421312351BF1364D00A31F49 /* PBXTargetDependency */ = {
			isa = PBXTargetDependency;
			target = 4213121E1BF1364D00A31F49 /* navi-test */;
			targetProxy = 421312341BF1364D00A31F49 /* PBXContainerItemProxy */;
		};
		421312401BF1364D00A31F49 /* PBXTargetDependency */ = {
			isa = PBXTargetDependency;
			target = 4213121E1BF1364D00A31F49 /* navi-test */;
			targetProxy = 4213123F1BF1364D00A31F49 /* PBXContainerItemProxy */;
		};
/* End PBXTargetDependency section */

/* Begin PBXVariantGroup section */
		421312261BF1364D00A31F49 /* Main.storyboard */ = {
			isa = PBXVariantGroup;
			children = (
				421312271BF1364D00A31F49 /* Base */,
			);
			name = Main.storyboard;
			sourceTree = "<group>";
		};
		4213122B1BF1364D00A31F49 /* LaunchScreen.storyboard */ = {
			isa = PBXVariantGroup;
			children = (
				4213122C1BF1364D00A31F49 /* Base */,
			);
			name = LaunchScreen.storyboard;
			sourceTree = "<group>";
		};
/* End PBXVariantGroup section */

/* Begin XCBuildConfiguration section */
		421312451BF1364D00A31F49 /* Debug */ = {
			isa = XCBuildConfiguration;
			buildSettings = {
				ALWAYS_SEARCH_USER_PATHS = NO;
				CLANG_CXX_LANGUAGE_STANDARD = "gnu++0x";
				CLANG_CXX_LIBRARY = "libc++";
				CLANG_ENABLE_MODULES = YES;
				CLANG_ENABLE_OBJC_ARC = YES;
				CLANG_WARN_BOOL_CONVERSION = YES;
				CLANG_WARN_CONSTANT_CONVERSION = YES;
				CLANG_WARN_DIRECT_OBJC_ISA_USAGE = YES_ERROR;
				CLANG_WARN_EMPTY_BODY = YES;
				CLANG_WARN_ENUM_CONVERSION = YES;
				CLANG_WARN_INT_CONVERSION = YES;
				CLANG_WARN_OBJC_ROOT_CLASS = YES_ERROR;
				CLANG_WARN_UNREACHABLE_CODE = YES;
				CLANG_WARN__DUPLICATE_METHOD_MATCH = YES;
				"CODE_SIGN_IDENTITY[sdk=iphoneos*]" = "iPhone Developer";
				COPY_PHASE_STRIP = NO;
				DEBUG_INFORMATION_FORMAT = dwarf;
				ENABLE_STRICT_OBJC_MSGSEND = YES;
				ENABLE_TESTABILITY = YES;
				GCC_C_LANGUAGE_STANDARD = gnu99;
				GCC_DYNAMIC_NO_PIC = NO;
				GCC_NO_COMMON_BLOCKS = YES;
				GCC_OPTIMIZATION_LEVEL = 0;
				GCC_PREPROCESSOR_DEFINITIONS = (
					"DEBUG=1",
					"$(inherited)",
				);
				GCC_WARN_64_TO_32_BIT_CONVERSION = YES;
				GCC_WARN_ABOUT_RETURN_TYPE = YES_ERROR;
				GCC_WARN_UNDECLARED_SELECTOR = YES;
				GCC_WARN_UNINITIALIZED_AUTOS = YES_AGGRESSIVE;
				GCC_WARN_UNUSED_FUNCTION = YES;
				GCC_WARN_UNUSED_VARIABLE = YES;
				IPHONEOS_DEPLOYMENT_TARGET = 9.0;
				MTL_ENABLE_DEBUG_INFO = YES;
				ONLY_ACTIVE_ARCH = YES;
				SDKROOT = iphoneos;
				SWIFT_OPTIMIZATION_LEVEL = "-Onone";
			};
			name = Debug;
		};
		421312461BF1364D00A31F49 /* Release */ = {
			isa = XCBuildConfiguration;
			buildSettings = {
				ALWAYS_SEARCH_USER_PATHS = NO;
				CLANG_CXX_LANGUAGE_STANDARD = "gnu++0x";
				CLANG_CXX_LIBRARY = "libc++";
				CLANG_ENABLE_MODULES = YES;
				CLANG_ENABLE_OBJC_ARC = YES;
				CLANG_WARN_BOOL_CONVERSION = YES;
				CLANG_WARN_CONSTANT_CONVERSION = YES;
				CLANG_WARN_DIRECT_OBJC_ISA_USAGE = YES_ERROR;
				CLANG_WARN_EMPTY_BODY = YES;
				CLANG_WARN_ENUM_CONVERSION = YES;
				CLANG_WARN_INT_CONVERSION = YES;
				CLANG_WARN_OBJC_ROOT_CLASS = YES_ERROR;
				CLANG_WARN_UNREACHABLE_CODE = YES;
				CLANG_WARN__DUPLICATE_METHOD_MATCH = YES;
				"CODE_SIGN_IDENTITY[sdk=iphoneos*]" = "iPhone Developer";
				COPY_PHASE_STRIP = NO;
				DEBUG_INFORMATION_FORMAT = "dwarf-with-dsym";
				ENABLE_NS_ASSERTIONS = NO;
				ENABLE_STRICT_OBJC_MSGSEND = YES;
				GCC_C_LANGUAGE_STANDARD = gnu99;
				GCC_NO_COMMON_BLOCKS = YES;
				GCC_WARN_64_TO_32_BIT_CONVERSION = YES;
				GCC_WARN_ABOUT_RETURN_TYPE = YES_ERROR;
				GCC_WARN_UNDECLARED_SELECTOR = YES;
				GCC_WARN_UNINITIALIZED_AUTOS = YES_AGGRESSIVE;
				GCC_WARN_UNUSED_FUNCTION = YES;
				GCC_WARN_UNUSED_VARIABLE = YES;
				IPHONEOS_DEPLOYMENT_TARGET = 9.0;
				MTL_ENABLE_DEBUG_INFO = NO;
				SDKROOT = iphoneos;
				VALIDATE_PRODUCT = YES;
			};
			name = Release;
		};
		421312481BF1364D00A31F49 /* Debug */ = {
			isa = XCBuildConfiguration;
			buildSettings = {
				ASSETCATALOG_COMPILER_APPICON_NAME = AppIcon;
				INFOPLIST_FILE = "navi-test/Info.plist";
				LD_RUNPATH_SEARCH_PATHS = "$(inherited) @executable_path/Frameworks";
				PRODUCT_BUNDLE_IDENTIFIER = "com.strix.navi-test";
				PRODUCT_NAME = "$(TARGET_NAME)";
			};
			name = Debug;
		};
		421312491BF1364D00A31F49 /* Release */ = {
			isa = XCBuildConfiguration;
			buildSettings = {
				ASSETCATALOG_COMPILER_APPICON_NAME = AppIcon;
				INFOPLIST_FILE = "navi-test/Info.plist";
				LD_RUNPATH_SEARCH_PATHS = "$(inherited) @executable_path/Frameworks";
				PRODUCT_BUNDLE_IDENTIFIER = "com.strix.navi-test";
				PRODUCT_NAME = "$(TARGET_NAME)";
			};
			name = Release;
		};
		4213124B1BF1364D00A31F49 /* Debug */ = {
			isa = XCBuildConfiguration;
			buildSettings = {
				BUNDLE_LOADER = "$(TEST_HOST)";
				INFOPLIST_FILE = "navi-testTests/Info.plist";
				LD_RUNPATH_SEARCH_PATHS = "$(inherited) @executable_path/Frameworks @loader_path/Frameworks";
				PRODUCT_BUNDLE_IDENTIFIER = "com.strix.navi-testTests";
				PRODUCT_NAME = "$(TARGET_NAME)";
				TEST_HOST = "$(BUILT_PRODUCTS_DIR)/navi-test.app/navi-test";
			};
			name = Debug;
		};
		4213124C1BF1364D00A31F49 /* Release */ = {
			isa = XCBuildConfiguration;
			buildSettings = {
				BUNDLE_LOADER = "$(TEST_HOST)";
				INFOPLIST_FILE = "navi-testTests/Info.plist";
				LD_RUNPATH_SEARCH_PATHS = "$(inherited) @executable_path/Frameworks @loader_path/Frameworks";
				PRODUCT_BUNDLE_IDENTIFIER = "com.strix.navi-testTests";
				PRODUCT_NAME = "$(TARGET_NAME)";
				TEST_HOST = "$(BUILT_PRODUCTS_DIR)/navi-test.app/navi-test";
			};
			name = Release;
		};
		4213124E1BF1364D00A31F49 /* Debug */ = {
			isa = XCBuildConfiguration;
			buildSettings = {
				INFOPLIST_FILE = "navi-testUITests/Info.plist";
				LD_RUNPATH_SEARCH_PATHS = "$(inherited) @executable_path/Frameworks @loader_path/Frameworks";
				PRODUCT_BUNDLE_IDENTIFIER = "com.strix.navi-testUITests";
				PRODUCT_NAME = "$(TARGET_NAME)";
				TEST_TARGET_NAME = "navi-test";
				USES_XCTRUNNER = YES;
			};
			name = Debug;
		};
		4213124F1BF1364D00A31F49 /* Release */ = {
			isa = XCBuildConfiguration;
			buildSettings = {
				INFOPLIST_FILE = "navi-testUITests/Info.plist";
				LD_RUNPATH_SEARCH_PATHS = "$(inherited) @executable_path/Frameworks @loader_path/Frameworks";
				PRODUCT_BUNDLE_IDENTIFIER = "com.strix.navi-testUITests";
				PRODUCT_NAME = "$(TARGET_NAME)";
				TEST_TARGET_NAME = "navi-test";
				USES_XCTRUNNER = YES;
			};
			name = Release;
		};
/* End XCBuildConfiguration section */

/* Begin XCConfigurationList section */
		4213121A1BF1364D00A31F49 /* Build configuration list for PBXProject "navi-test" */ = {
			isa = XCConfigurationList;
			buildConfigurations = (
				421312451BF1364D00A31F49 /* Debug */,
				421312461BF1364D00A31F49 /* Release */,
			);
			defaultConfigurationIsVisible = 0;
			defaultConfigurationName = Release;
		};
		421312471BF1364D00A31F49 /* Build configuration list for PBXNativeTarget "navi-test" */ = {
			isa = XCConfigurationList;
			buildConfigurations = (
				421312481BF1364D00A31F49 /* Debug */,
				421312491BF1364D00A31F49 /* Release */,
			);
			defaultConfigurationIsVisible = 0;
		};
		4213124A1BF1364D00A31F49 /* Build configuration list for PBXNativeTarget "navi-testTests" */ = {
			isa = XCConfigurationList;
			buildConfigurations = (
				4213124B1BF1364D00A31F49 /* Debug */,
				4213124C1BF1364D00A31F49 /* Release */,
			);
			defaultConfigurationIsVisible = 0;
		};
		4213124D1BF1364D00A31F49 /* Build configuration list for PBXNativeTarget "navi-testUITests" */ = {
			isa = XCConfigurationList;
			buildConfigurations = (
				4213124E1BF1364D00A31F49 /* Debug */,
				4213124F1BF1364D00A31F49 /* Release */,
			);
			defaultConfigurationIsVisible = 0;
		};
/* End XCConfigurationList section */
	};
	rootObject = 421312171BF1364D00A31F49 /* Project object */;
}
